PODS:
  - Flutter (1.0.0)
  - flutter_to_native_plugin (0.0.1):
    - Flutter

DEPENDENCIES:
  - Flutter (from `.symlinks/flutter/ios`)
  - flutter_to_native_plugin (from `.symlinks/plugins/flutter_to_native_plugin/ios`)

EXTERNAL SOURCES:
  Flutter:
    :path: ".symlinks/flutter/ios"
  flutter_to_native_plugin:
    :path: ".symlinks/plugins/flutter_to_native_plugin/ios"

SPEC CHECKSUMS:
  Flutter: 0e3d915762c693b495b44d77113d4970485de6ec
  flutter_to_native_plugin: d25b83251bfdcc94702d879305de73c814c9d826

PODFILE CHECKSUM: b6a0a141693093b304368d08511b46cf3d1d0ac5

COCOAPODS: 1.8.4
